// !$*UTF8*$!
{
	archiveVersion = 1;
	classes = {
	};
	objectVersion = 56;
	objects = {

/* Begin PBXBuildFile section */
		E47B70ED2AF2C06F00B8BE4E /* ShoppingTableViewCell.swift in Sources */ = {isa = PBXBuildFile; fileRef = E47B70EC2AF2C06F00B8BE4E /* ShoppingTableViewCell.swift */; };
		E4C6046A2AF2A64000C9E89C /* AppDelegate.swift in Sources */ = {isa = PBXBuildFile; fileRef = E4C604692AF2A64000C9E89C /* AppDelegate.swift */; };
		E4C6046C2AF2A64000C9E89C /* SceneDelegate.swift in Sources */ = {isa = PBXBuildFile; fileRef = E4C6046B2AF2A64000C9E89C /* SceneDelegate.swift */; };
		E4C6046E2AF2A64000C9E89C /* ViewController.swift in Sources */ = {isa = PBXBuildFile; fileRef = E4C6046D2AF2A64000C9E89C /* ViewController.swift */; };
		E4C604712AF2A64000C9E89C /* Main.storyboard in Resources */ = {isa = PBXBuildFile; fileRef = E4C6046F2AF2A64000C9E89C /* Main.storyboard */; };
		E4C604732AF2A64100C9E89C /* Assets.xcassets in Resources */ = {isa = PBXBuildFile; fileRef = E4C604722AF2A64100C9E89C /* Assets.xcassets */; };
		E4C604762AF2A64100C9E89C /* LaunchScreen.storyboard in Resources */ = {isa = PBXBuildFile; fileRef = E4C604742AF2A64100C9E89C /* LaunchScreen.storyboard */; };
		E4C604812AF2A64100C9E89C /* BaeminTests.swift in Sources */ = {isa = PBXBuildFile; fileRef = E4C604802AF2A64100C9E89C /* BaeminTests.swift */; };
		E4C6048B2AF2A64100C9E89C /* BaeminUITests.swift in Sources */ = {isa = PBXBuildFile; fileRef = E4C6048A2AF2A64100C9E89C /* BaeminUITests.swift */; };
		E4C6048D2AF2A64100C9E89C /* BaeminUITestsLaunchTests.swift in Sources */ = {isa = PBXBuildFile; fileRef = E4C6048C2AF2A64100C9E89C /* BaeminUITestsLaunchTests.swift */; };
/* End PBXBuildFile section */

/* Begin PBXContainerItemProxy section */
		E4C6047D2AF2A64100C9E89C /* PBXContainerItemProxy */ = {
			isa = PBXContainerItemProxy;
			containerPortal = E4C6045E2AF2A64000C9E89C /* Project object */;
			proxyType = 1;
			remoteGlobalIDString = E4C604652AF2A64000C9E89C;
			remoteInfo = Baemin;
		};
		E4C604872AF2A64100C9E89C /* PBXContainerItemProxy */ = {
			isa = PBXContainerItemProxy;
			containerPortal = E4C6045E2AF2A64000C9E89C /* Project object */;
			proxyType = 1;
			remoteGlobalIDString = E4C604652AF2A64000C9E89C;
			remoteInfo = Baemin;
		};
/* End PBXContainerItemProxy section */

/* Begin PBXFileReference section */
		E47B70EC2AF2C06F00B8BE4E /* ShoppingTableViewCell.swift */ = {isa = PBXFileReference; lastKnownFileType = sourcecode.swift; path = ShoppingTableViewCell.swift; sourceTree = "<group>"; };
		E4C604662AF2A64000C9E89C /* Baemin.app */ = {isa = PBXFileReference; explicitFileType = wrapper.application; includeInIndex = 0; path = Baemin.app; sourceTree = BUILT_PRODUCTS_DIR; };
		E4C604692AF2A64000C9E89C /* AppDelegate.swift */ = {isa = PBXFileReference; lastKnownFileType = sourcecode.swift; path = AppDelegate.swift; sourceTree = "<group>"; };
		E4C6046B2AF2A64000C9E89C /* SceneDelegate.swift */ = {isa = PBXFileReference; lastKnownFileType = sourcecode.swift; path = SceneDelegate.swift; sourceTree = "<group>"; };
		E4C6046D2AF2A64000C9E89C /* ViewController.swift */ = {isa = PBXFileReference; lastKnownFileType = sourcecode.swift; path = ViewController.swift; sourceTree = "<group>"; };
		E4C604702AF2A64000C9E89C /* Base */ = {isa = PBXFileReference; lastKnownFileType = file.storyboard; name = Base; path = Base.lproj/Main.storyboard; sourceTree = "<group>"; };
		E4C604722AF2A64100C9E89C /* Assets.xcassets */ = {isa = PBXFileReference; lastKnownFileType = folder.assetcatalog; path = Assets.xcassets; sourceTree = "<group>"; };
		E4C604752AF2A64100C9E89C /* Base */ = {isa = PBXFileReference; lastKnownFileType = file.storyboard; name = Base; path = Base.lproj/LaunchScreen.storyboard; sourceTree = "<group>"; };
		E4C604772AF2A64100C9E89C /* Info.plist */ = {isa = PBXFileReference; lastKnownFileType = text.plist.xml; path = Info.plist; sourceTree = "<group>"; };
		E4C6047C2AF2A64100C9E89C /* BaeminTests.xctest */ = {isa = PBXFileReference; explicitFileType = wrapper.cfbundle; includeInIndex = 0; path = BaeminTests.xctest; sourceTree = BUILT_PRODUCTS_DIR; };
		E4C604802AF2A64100C9E89C /* BaeminTests.swift */ = {isa = PBXFileReference; lastKnownFileType = sourcecode.swift; path = BaeminTests.swift; sourceTree = "<group>"; };
		E4C604862AF2A64100C9E89C /* BaeminUITests.xctest */ = {isa = PBXFileReference; explicitFileType = wrapper.cfbundle; includeInIndex = 0; path = BaeminUITests.xctest; sourceTree = BUILT_PRODUCTS_DIR; };
		E4C6048A2AF2A64100C9E89C /* BaeminUITests.swift */ = {isa = PBXFileReference; lastKnownFileType = sourcecode.swift; path = BaeminUITests.swift; sourceTree = "<group>"; };
		E4C6048C2AF2A64100C9E89C /* BaeminUITestsLaunchTests.swift */ = {isa = PBXFileReference; lastKnownFileType = sourcecode.swift; path = BaeminUITestsLaunchTests.swift; sourceTree = "<group>"; };
/* End PBXFileReference section */

/* Begin PBXFrameworksBuildPhase section */
		E4C604632AF2A64000C9E89C /* Frameworks */ = {
			isa = PBXFrameworksBuildPhase;
			buildActionMask = 2147483647;
			files = (
			);
			runOnlyForDeploymentPostprocessing = 0;
		};
		E4C604792AF2A64100C9E89C /* Frameworks */ = {
			isa = PBXFrameworksBuildPhase;
			buildActionMask = 2147483647;
			files = (
			);
			runOnlyForDeploymentPostprocessing = 0;
		};
		E4C604832AF2A64100C9E89C /* Frameworks */ = {
			isa = PBXFrameworksBuildPhase;
			buildActionMask = 2147483647;
			files = (
			);
			runOnlyForDeploymentPostprocessing = 0;
		};
/* End PBXFrameworksBuildPhase section */

/* Begin PBXGroup section */
		E4C6045D2AF2A64000C9E89C = {
			isa = PBXGroup;
			children = (
				E4C604682AF2A64000C9E89C /* Baemin */,
				E4C6047F2AF2A64100C9E89C /* BaeminTests */,
				E4C604892AF2A64100C9E89C /* BaeminUITests */,
				E4C604672AF2A64000C9E89C /* Products */,
			);
			sourceTree = "<group>";
		};
		E4C604672AF2A64000C9E89C /* Products */ = {
			isa = PBXGroup;
			children = (
				E4C604662AF2A64000C9E89C /* Baemin.app */,
				E4C6047C2AF2A64100C9E89C /* BaeminTests.xctest */,
				E4C604862AF2A64100C9E89C /* BaeminUITests.xctest */,
			);
			name = Products;
			sourceTree = "<group>";
		};
		E4C604682AF2A64000C9E89C /* Baemin */ = {
			isa = PBXGroup;
			children = (
				E4C604692AF2A64000C9E89C /* AppDelegate.swift */,
				E4C6046B2AF2A64000C9E89C /* SceneDelegate.swift */,
				E4C6046D2AF2A64000C9E89C /* ViewController.swift */,
				E4C6046F2AF2A64000C9E89C /* Main.storyboard */,
				E4C604722AF2A64100C9E89C /* Assets.xcassets */,
				E4C604742AF2A64100C9E89C /* LaunchScreen.storyboard */,
				E4C604772AF2A64100C9E89C /* Info.plist */,
				E47B70EC2AF2C06F00B8BE4E /* ShoppingTableViewCell.swift */,
			);
			path = Baemin;
			sourceTree = "<group>";
		};
		E4C6047F2AF2A64100C9E89C /* BaeminTests */ = {
			isa = PBXGroup;
			children = (
				E4C604802AF2A64100C9E89C /* BaeminTests.swift */,
			);
			path = BaeminTests;
			sourceTree = "<group>";
		};
		E4C604892AF2A64100C9E89C /* BaeminUITests */ = {
			isa = PBXGroup;
			children = (
				E4C6048A2AF2A64100C9E89C /* BaeminUITests.swift */,
				E4C6048C2AF2A64100C9E89C /* BaeminUITestsLaunchTests.swift */,
			);
			path = BaeminUITests;
			sourceTree = "<group>";
		};
/* End PBXGroup section */

/* Begin PBXNativeTarget section */
		E4C604652AF2A64000C9E89C /* Baemin */ = {
			isa = PBXNativeTarget;
			buildConfigurationList = E4C604902AF2A64100C9E89C /* Build configuration list for PBXNativeTarget "Baemin" */;
			buildPhases = (
				E4C604622AF2A64000C9E89C /* Sources */,
				E4C604632AF2A64000C9E89C /* Frameworks */,
				E4C604642AF2A64000C9E89C /* Resources */,
			);
			buildRules = (
			);
			dependencies = (
			);
			name = Baemin;
			productName = Baemin;
			productReference = E4C604662AF2A64000C9E89C /* Baemin.app */;
			productType = "com.apple.product-type.application";
		};
		E4C6047B2AF2A64100C9E89C /* BaeminTests */ = {
			isa = PBXNativeTarget;
			buildConfigurationList = E4C604932AF2A64100C9E89C /* Build configuration list for PBXNativeTarget "BaeminTests" */;
			buildPhases = (
				E4C604782AF2A64100C9E89C /* Sources */,
				E4C604792AF2A64100C9E89C /* Frameworks */,
				E4C6047A2AF2A64100C9E89C /* Resources */,
			);
			buildRules = (
			);
			dependencies = (
				E4C6047E2AF2A64100C9E89C /* PBXTargetDependency */,
			);
			name = BaeminTests;
			productName = BaeminTests;
			productReference = E4C6047C2AF2A64100C9E89C /* BaeminTests.xctest */;
			productType = "com.apple.product-type.bundle.unit-test";
		};
		E4C604852AF2A64100C9E89C /* BaeminUITests */ = {
			isa = PBXNativeTarget;
			buildConfigurationList = E4C604962AF2A64100C9E89C /* Build configuration list for PBXNativeTarget "BaeminUITests" */;
			buildPhases = (
				E4C604822AF2A64100C9E89C /* Sources */,
				E4C604832AF2A64100C9E89C /* Frameworks */,
				E4C604842AF2A64100C9E89C /* Resources */,
			);
			buildRules = (
			);
			dependencies = (
				E4C604882AF2A64100C9E89C /* PBXTargetDependency */,
			);
			name = BaeminUITests;
			productName = BaeminUITests;
			productReference = E4C604862AF2A64100C9E89C /* BaeminUITests.xctest */;
			productType = "com.apple.product-type.bundle.ui-testing";
		};
/* End PBXNativeTarget section */

/* Begin PBXProject section */
		E4C6045E2AF2A64000C9E89C /* Project object */ = {
			isa = PBXProject;
			attributes = {
				BuildIndependentTargetsInParallel = 1;
				LastSwiftUpdateCheck = 1430;
				LastUpgradeCheck = 1430;
				TargetAttributes = {
					E4C604652AF2A64000C9E89C = {
						CreatedOnToolsVersion = 14.3.1;
					};
					E4C6047B2AF2A64100C9E89C = {
						CreatedOnToolsVersion = 14.3.1;
						TestTargetID = E4C604652AF2A64000C9E89C;
					};
					E4C604852AF2A64100C9E89C = {
						CreatedOnToolsVersion = 14.3.1;
						TestTargetID = E4C604652AF2A64000C9E89C;
					};
				};
			};
			buildConfigurationList = E4C604612AF2A64000C9E89C /* Build configuration list for PBXProject "Baemin" */;
			compatibilityVersion = "Xcode 14.0";
			developmentRegion = en;
			hasScannedForEncodings = 0;
			knownRegions = (
				en,
				Base,
			);
			mainGroup = E4C6045D2AF2A64000C9E89C;
			productRefGroup = E4C604672AF2A64000C9E89C /* Products */;
			projectDirPath = "";
			projectRoot = "";
			targets = (
				E4C604652AF2A64000C9E89C /* Baemin */,
				E4C6047B2AF2A64100C9E89C /* BaeminTests */,
				E4C604852AF2A64100C9E89C /* BaeminUITests */,
			);
		};
/* End PBXProject section */

/* Begin PBXResourcesBuildPhase section */
		E4C604642AF2A64000C9E89C /* Resources */ = {
			isa = PBXResourcesBuildPhase;
			buildActionMask = 2147483647;
			files = (
				E4C604762AF2A64100C9E89C /* LaunchScreen.storyboard in Resources */,
				E4C604732AF2A64100C9E89C /* Assets.xcassets in Resources */,
				E4C604712AF2A64000C9E89C /* Main.storyboard in Resources */,
			);
			runOnlyForDeploymentPostprocessing = 0;
		};
		E4C6047A2AF2A64100C9E89C /* Resources */ = {
			isa = PBXResourcesBuildPhase;
			buildActionMask = 2147483647;
			files = (
			);
			runOnlyForDeploymentPostprocessing = 0;
		};
		E4C604842AF2A64100C9E89C /* Resources */ = {
			isa = PBXResourcesBuildPhase;
			buildActionMask = 2147483647;
			files = (
			);
			runOnlyForDeploymentPostprocessing = 0;
		};
/* End PBXResourcesBuildPhase section */

/* Begin PBXSourcesBuildPhase section */
		E4C604622AF2A64000C9E89C /* Sources */ = {
			isa = PBXSourcesBuildPhase;
			buildActionMask = 2147483647;
			files = (
				E4C6046E2AF2A64000C9E89C /* ViewController.swift in Sources */,
				E47B70ED2AF2C06F00B8BE4E /* ShoppingTableViewCell.swift in Sources */,
				E4C6046A2AF2A64000C9E89C /* AppDelegate.swift in Sources */,
				E4C6046C2AF2A64000C9E89C /* SceneDelegate.swift in Sources */,
			);
			runOnlyForDeploymentPostprocessing = 0;
		};
		E4C604782AF2A64100C9E89C /* Sources */ = {
			isa = PBXSourcesBuildPhase;
			buildActionMask = 2147483647;
			files = (
				E4C604812AF2A64100C9E89C /* BaeminTests.swift in Sources */,
			);
			runOnlyForDeploymentPostprocessing = 0;
		};
		E4C604822AF2A64100C9E89C /* Sources */ = {
			isa = PBXSourcesBuildPhase;
			buildActionMask = 2147483647;
			files = (
				E4C6048D2AF2A64100C9E89C /* BaeminUITestsLaunchTests.swift in Sources */,
				E4C6048B2AF2A64100C9E89C /* BaeminUITests.swift in Sources */,
			);
			runOnlyForDeploymentPostprocessing = 0;
		};
/* End PBXSourcesBuildPhase section */

/* Begin PBXTargetDependency section */
		E4C6047E2AF2A64100C9E89C /* PBXTargetDependency */ = {
			isa = PBXTargetDependency;
			target = E4C604652AF2A64000C9E89C /* Baemin */;
			targetProxy = E4C6047D2AF2A64100C9E89C /* PBXContainerItemProxy */;
		};
		E4C604882AF2A64100C9E89C /* PBXTargetDependency */ = {
			isa = PBXTargetDependency;
			target = E4C604652AF2A64000C9E89C /* Baemin */;
			targetProxy = E4C604872AF2A64100C9E89C /* PBXContainerItemProxy */;
		};
/* End PBXTargetDependency section */

/* Begin PBXVariantGroup section */
		E4C6046F2AF2A64000C9E89C /* Main.storyboard */ = {
			isa = PBXVariantGroup;
			children = (
				E4C604702AF2A64000C9E89C /* Base */,
			);
			name = Main.storyboard;
			sourceTree = "<group>";
		};
		E4C604742AF2A64100C9E89C /* LaunchScreen.storyboard */ = {
			isa = PBXVariantGroup;
			children = (
				E4C604752AF2A64100C9E89C /* Base */,
			);
			name = LaunchScreen.storyboard;
			sourceTree = "<group>";
		};
/* End PBXVariantGroup section */

/* Begin XCBuildConfiguration section */
		E4C6048E2AF2A64100C9E89C /* Debug */ = {
			isa = XCBuildConfiguration;
			buildSettings = {
				ALWAYS_SEARCH_USER_PATHS = NO;
				CLANG_ANALYZER_NONNULL = YES;
				CLANG_ANALYZER_NUMBER_OBJECT_CONVERSION = YES_AGGRESSIVE;
				CLANG_CXX_LANGUAGE_STANDARD = "gnu++20";
				CLANG_ENABLE_MODULES = YES;
				CLANG_ENABLE_OBJC_ARC = YES;
				CLANG_ENABLE_OBJC_WEAK = YES;
				CLANG_WARN_BLOCK_CAPTURE_AUTORELEASING = YES;
				CLANG_WARN_BOOL_CONVERSION = YES;
				CLANG_WARN_COMMA = YES;
				CLANG_WARN_CONSTANT_CONVERSION = YES;
				CLANG_WARN_DEPRECATED_OBJC_IMPLEMENTATIONS = YES;
				CLANG_WARN_DIRECT_OBJC_ISA_USAGE = YES_ERROR;
				CLANG_WARN_DOCUMENTATION_COMMENTS = YES;
				CLANG_WARN_EMPTY_BODY = YES;
				CLANG_WARN_ENUM_CONVERSION = YES;
				CLANG_WARN_INFINITE_RECURSION = YES;
				CLANG_WARN_INT_CONVERSION = YES;
				CLANG_WARN_NON_LITERAL_NULL_CONVERSION = YES;
				CLANG_WARN_OBJC_IMPLICIT_RETAIN_SELF = YES;
				CLANG_WARN_OBJC_LITERAL_CONVERSION = YES;
				CLANG_WARN_OBJC_ROOT_CLASS = YES_ERROR;
				CLANG_WARN_QUOTED_INCLUDE_IN_FRAMEWORK_HEADER = YES;
				CLANG_WARN_RANGE_LOOP_ANALYSIS = YES;
				CLANG_WARN_STRICT_PROTOTYPES = YES;
				CLANG_WARN_SUSPICIOUS_MOVE = YES;
				CLANG_WARN_UNGUARDED_AVAILABILITY = YES_AGGRESSIVE;
				CLANG_WARN_UNREACHABLE_CODE = YES;
				CLANG_WARN__DUPLICATE_METHOD_MATCH = YES;
				COPY_PHASE_STRIP = NO;
				DEBUG_INFORMATION_FORMAT = dwarf;
				ENABLE_STRICT_OBJC_MSGSEND = YES;
				ENABLE_TESTABILITY = YES;
				GCC_C_LANGUAGE_STANDARD = gnu11;
				GCC_DYNAMIC_NO_PIC = NO;
				GCC_NO_COMMON_BLOCKS = YES;
				GCC_OPTIMIZATION_LEVEL = 0;
				GCC_PREPROCESSOR_DEFINITIONS = (
					"DEBUG=1",
					"$(inherited)",
				);
				GCC_WARN_64_TO_32_BIT_CONVERSION = YES;
				GCC_WARN_ABOUT_RETURN_TYPE = YES_ERROR;
				GCC_WARN_UNDECLARED_SELECTOR = YES;
				GCC_WARN_UNINITIALIZED_AUTOS = YES_AGGRESSIVE;
				GCC_WARN_UNUSED_FUNCTION = YES;
				GCC_WARN_UNUSED_VARIABLE = YES;
				IPHONEOS_DEPLOYMENT_TARGET = 16.4;
				MTL_ENABLE_DEBUG_INFO = INCLUDE_SOURCE;
				MTL_FAST_MATH = YES;
				ONLY_ACTIVE_ARCH = YES;
				SDKROOT = iphoneos;
				SWIFT_ACTIVE_COMPILATION_CONDITIONS = DEBUG;
				SWIFT_OPTIMIZATION_LEVEL = "-Onone";
			};
			name = Debug;
		};
		E4C6048F2AF2A64100C9E89C /* Release */ = {
			isa = XCBuildConfiguration;
			buildSettings = {
				ALWAYS_SEARCH_USER_PATHS = NO;
				CLANG_ANALYZER_NONNULL = YES;
				CLANG_ANALYZER_NUMBER_OBJECT_CONVERSION = YES_AGGRESSIVE;
				CLANG_CXX_LANGUAGE_STANDARD = "gnu++20";
				CLANG_ENABLE_MODULES = YES;
				CLANG_ENABLE_OBJC_ARC = YES;
				CLANG_ENABLE_OBJC_WEAK = YES;
				CLANG_WARN_BLOCK_CAPTURE_AUTORELEASING = YES;
				CLANG_WARN_BOOL_CONVERSION = YES;
				CLANG_WARN_COMMA = YES;
				CLANG_WARN_CONSTANT_CONVERSION = YES;
				CLANG_WARN_DEPRECATED_OBJC_IMPLEMENTATIONS = YES;
				CLANG_WARN_DIRECT_OBJC_ISA_USAGE = YES_ERROR;
				CLANG_WARN_DOCUMENTATION_COMMENTS = YES;
				CLANG_WARN_EMPTY_BODY = YES;
				CLANG_WARN_ENUM_CONVERSION = YES;
				CLANG_WARN_INFINITE_RECURSION = YES;
				CLANG_WARN_INT_CONVERSION = YES;
				CLANG_WARN_NON_LITERAL_NULL_CONVERSION = YES;
				CLANG_WARN_OBJC_IMPLICIT_RETAIN_SELF = YES;
				CLANG_WARN_OBJC_LITERAL_CONVERSION = YES;
				CLANG_WARN_OBJC_ROOT_CLASS = YES_ERROR;
				CLANG_WARN_QUOTED_INCLUDE_IN_FRAMEWORK_HEADER = YES;
				CLANG_WARN_RANGE_LOOP_ANALYSIS = YES;
				CLANG_WARN_STRICT_PROTOTYPES = YES;
				CLANG_WARN_SUSPICIOUS_MOVE = YES;
				CLANG_WARN_UNGUARDED_AVAILABILITY = YES_AGGRESSIVE;
				CLANG_WARN_UNREACHABLE_CODE = YES;
				CLANG_WARN__DUPLICATE_METHOD_MATCH = YES;
				COPY_PHASE_STRIP = NO;
				DEBUG_INFORMATION_FORMAT = "dwarf-with-dsym";
				ENABLE_NS_ASSERTIONS = NO;
				ENABLE_STRICT_OBJC_MSGSEND = YES;
				GCC_C_LANGUAGE_STANDARD = gnu11;
				GCC_NO_COMMON_BLOCKS = YES;
				GCC_WARN_64_TO_32_BIT_CONVERSION = YES;
				GCC_WARN_ABOUT_RETURN_TYPE = YES_ERROR;
				GCC_WARN_UNDECLARED_SELECTOR = YES;
				GCC_WARN_UNINITIALIZED_AUTOS = YES_AGGRESSIVE;
				GCC_WARN_UNUSED_FUNCTION = YES;
				GCC_WARN_UNUSED_VARIABLE = YES;
				IPHONEOS_DEPLOYMENT_TARGET = 16.4;
				MTL_ENABLE_DEBUG_INFO = NO;
				MTL_FAST_MATH = YES;
				SDKROOT = iphoneos;
				SWIFT_COMPILATION_MODE = wholemodule;
				SWIFT_OPTIMIZATION_LEVEL = "-O";
				VALIDATE_PRODUCT = YES;
			};
			name = Release;
		};
		E4C604912AF2A64100C9E89C /* Debug */ = {
			isa = XCBuildConfiguration;
			buildSettings = {
				ASSETCATALOG_COMPILER_APPICON_NAME = AppIcon;
				ASSETCATALOG_COMPILER_GLOBAL_ACCENT_COLOR_NAME = AccentColor;
				CODE_SIGN_STYLE = Automatic;
				CURRENT_PROJECT_VERSION = 1;
				GENERATE_INFOPLIST_FILE = YES;
				INFOPLIST_FILE = Baemin/Info.plist;
				INFOPLIST_KEY_UIApplicationSupportsIndirectInputEvents = YES;
				INFOPLIST_KEY_UILaunchStoryboardName = LaunchScreen;
				INFOPLIST_KEY_UIMainStoryboardFile = Main;
				INFOPLIST_KEY_UISupportedInterfaceOrientations_iPad = "UIInterfaceOrientationPortrait UIInterfaceOrientationPortraitUpsideDown UIInterfaceOrientationLandscapeLeft UIInterfaceOrientationLandscapeRight";
				INFOPLIST_KEY_UISupportedInterfaceOrientations_iPhone = "UIInterfaceOrientationPortrait UIInterfaceOrientationLandscapeLeft UIInterfaceOrientationLandscapeRight";
				LD_RUNPATH_SEARCH_PATHS = (
					"$(inherited)",
					"@executable_path/Frameworks",
				);
				MARKETING_VERSION = 1.0;
				PRODUCT_BUNDLE_IDENTIFIER = umc.Baemin;
				PRODUCT_NAME = "$(TARGET_NAME)";
				SWIFT_EMIT_LOC_STRINGS = YES;
				SWIFT_VERSION = 5.0;
				TARGETED_DEVICE_FAMILY = "1,2";
			};
			name = Debug;
		};
		E4C604922AF2A64100C9E89C /* Release */ = {
			isa = XCBuildConfiguration;
			buildSettings = {
				ASSETCATALOG_COMPILER_APPICON_NAME = AppIcon;
				ASSETCATALOG_COMPILER_GLOBAL_ACCENT_COLOR_NAME = AccentColor;
				CODE_SIGN_STYLE = Automatic;
				CURRENT_PROJECT_VERSION = 1;
				GENERATE_INFOPLIST_FILE = YES;
				INFOPLIST_FILE = Baemin/Info.plist;
				INFOPLIST_KEY_UIApplicationSupportsIndirectInputEvents = YES;
				INFOPLIST_KEY_UILaunchStoryboardName = LaunchScreen;
				INFOPLIST_KEY_UIMainStoryboardFile = Main;
				INFOPLIST_KEY_UISupportedInterfaceOrientations_iPad = "UIInterfaceOrientationPortrait UIInterfaceOrientationPortraitUpsideDown UIInterfaceOrientationLandscapeLeft UIInterfaceOrientationLandscapeRight";
				INFOPLIST_KEY_UISupportedInterfaceOrientations_iPhone = "UIInterfaceOrientationPortrait UIInterfaceOrientationLandscapeLeft UIInterfaceOrientationLandscapeRight";
				LD_RUNPATH_SEARCH_PATHS = (
					"$(inherited)",
					"@executable_path/Frameworks",
				);
				MARKETING_VERSION = 1.0;
				PRODUCT_BUNDLE_IDENTIFIER = umc.Baemin;
				PRODUCT_NAME = "$(TARGET_NAME)";
				SWIFT_EMIT_LOC_STRINGS = YES;
				SWIFT_VERSION = 5.0;
				TARGETED_DEVICE_FAMILY = "1,2";
			};
			name = Release;
		};
		E4C604942AF2A64100C9E89C /* Debug */ = {
			isa = XCBuildConfiguration;
			buildSettings = {
				ALWAYS_EMBED_SWIFT_STANDARD_LIBRARIES = YES;
				BUNDLE_LOADER = "$(TEST_HOST)";
				CODE_SIGN_STYLE = Automatic;
				CURRENT_PROJECT_VERSION = 1;
				GENERATE_INFOPLIST_FILE = YES;
				IPHONEOS_DEPLOYMENT_TARGET = 16.4;
				MARKETING_VERSION = 1.0;
				PRODUCT_BUNDLE_IDENTIFIER = umc.BaeminTests;
				PRODUCT_NAME = "$(TARGET_NAME)";
				SWIFT_EMIT_LOC_STRINGS = NO;
				SWIFT_VERSION = 5.0;
				TARGETED_DEVICE_FAMILY = "1,2";
				TEST_HOST = "$(BUILT_PRODUCTS_DIR)/Baemin.app/$(BUNDLE_EXECUTABLE_FOLDER_PATH)/Baemin";
			};
			name = Debug;
		};
		E4C604952AF2A64100C9E89C /* Release */ = {
			isa = XCBuildConfiguration;
			buildSettings = {
				ALWAYS_EMBED_SWIFT_STANDARD_LIBRARIES = YES;
				BUNDLE_LOADER = "$(TEST_HOST)";
				CODE_SIGN_STYLE = Automatic;
				CURRENT_PROJECT_VERSION = 1;
				GENERATE_INFOPLIST_FILE = YES;
				IPHONEOS_DEPLOYMENT_TARGET = 16.4;
				MARKETING_VERSION = 1.0;
				PRODUCT_BUNDLE_IDENTIFIER = umc.BaeminTests;
				PRODUCT_NAME = "$(TARGET_NAME)";
				SWIFT_EMIT_LOC_STRINGS = NO;
				SWIFT_VERSION = 5.0;
				TARGETED_DEVICE_FAMILY = "1,2";
				TEST_HOST = "$(BUILT_PRODUCTS_DIR)/Baemin.app/$(BUNDLE_EXECUTABLE_FOLDER_PATH)/Baemin";
			};
			name = Release;
		};
		E4C604972AF2A64100C9E89C /* Debug */ = {
			isa = XCBuildConfiguration;
			buildSettings = {
				ALWAYS_EMBED_SWIFT_STANDARD_LIBRARIES = YES;
				CODE_SIGN_STYLE = Automatic;
				CURRENT_PROJECT_VERSION = 1;
				GENERATE_INFOPLIST_FILE = YES;
				MARKETING_VERSION = 1.0;
				PRODUCT_BUNDLE_IDENTIFIER = umc.BaeminUITests;
				PRODUCT_NAME = "$(TARGET_NAME)";
				SWIFT_EMIT_LOC_STRINGS = NO;
				SWIFT_VERSION = 5.0;
				TARGETED_DEVICE_FAMILY = "1,2";
				TEST_TARGET_NAME = Baemin;
			};
			name = Debug;
		};
		E4C604982AF2A64100C9E89C /* Release */ = {
			isa = XCBuildConfiguration;
			buildSettings = {
				ALWAYS_EMBED_SWIFT_STANDARD_LIBRARIES = YES;
				CODE_SIGN_STYLE = Automatic;
				CURRENT_PROJECT_VERSION = 1;
				GENERATE_INFOPLIST_FILE = YES;
				MARKETING_VERSION = 1.0;
				PRODUCT_BUNDLE_IDENTIFIER = umc.BaeminUITests;
				PRODUCT_NAME = "$(TARGET_NAME)";
				SWIFT_EMIT_LOC_STRINGS = NO;
				SWIFT_VERSION = 5.0;
				TARGETED_DEVICE_FAMILY = "1,2";
				TEST_TARGET_NAME = Baemin;
			};
			name = Release;
		};
/* End XCBuildConfiguration section */

/* Begin XCConfigurationList section */
		E4C604612AF2A64000C9E89C /* Build configuration list for PBXProject "Baemin" */ = {
			isa = XCConfigurationList;
			buildConfigurations = (
				E4C6048E2AF2A64100C9E89C /* Debug */,
				E4C6048F2AF2A64100C9E89C /* Release */,
			);
			defaultConfigurationIsVisible = 0;
			defaultConfigurationName = Release;
		};
		E4C604902AF2A64100C9E89C /* Build configuration list for PBXNativeTarget "Baemin" */ = {
			isa = XCConfigurationList;
			buildConfigurations = (
				E4C604912AF2A64100C9E89C /* Debug */,
				E4C604922AF2A64100C9E89C /* Release */,
			);
			defaultConfigurationIsVisible = 0;
			defaultConfigurationName = Release;
		};
		E4C604932AF2A64100C9E89C /* Build configuration list for PBXNativeTarget "BaeminTests" */ = {
			isa = XCConfigurationList;
			buildConfigurations = (
				E4C604942AF2A64100C9E89C /* Debug */,
				E4C604952AF2A64100C9E89C /* Release */,
			);
			defaultConfigurationIsVisible = 0;
			defaultConfigurationName = Release;
		};
		E4C604962AF2A64100C9E89C /* Build configuration list for PBXNativeTarget "BaeminUITests" */ = {
			isa = XCConfigurationList;
			buildConfigurations = (
				E4C604972AF2A64100C9E89C /* Debug */,
				E4C604982AF2A64100C9E89C /* Release */,
			);
			defaultConfigurationIsVisible = 0;
			defaultConfigurationName = Release;
		};
/* End XCConfigurationList section */
	};
	rootObject = E4C6045E2AF2A64000C9E89C /* Project object */;
}
