// !$*UTF8*$!
{
	archiveVersion = 1;
	classes = {
	};
	objectVersion = 56;
	objects = {

/* Begin PBXBuildFile section */
		E4DA75312AD7C2540000B0C8 /* AppDelegate.swift in Sources */ = {isa = PBXBuildFile; fileRef = E4DA75302AD7C2540000B0C8 /* AppDelegate.swift */; };
		E4DA75332AD7C2540000B0C8 /* SceneDelegate.swift in Sources */ = {isa = PBXBuildFile; fileRef = E4DA75322AD7C2540000B0C8 /* SceneDelegate.swift */; };
		E4DA75352AD7C2540000B0C8 /* ViewController.swift in Sources */ = {isa = PBXBuildFile; fileRef = E4DA75342AD7C2540000B0C8 /* ViewController.swift */; };
		E4DA75382AD7C2540000B0C8 /* Main.storyboard in Resources */ = {isa = PBXBuildFile; fileRef = E4DA75362AD7C2540000B0C8 /* Main.storyboard */; };
		E4DA753A2AD7C2550000B0C8 /* Assets.xcassets in Resources */ = {isa = PBXBuildFile; fileRef = E4DA75392AD7C2550000B0C8 /* Assets.xcassets */; };
		E4DA753D2AD7C2550000B0C8 /* LaunchScreen.storyboard in Resources */ = {isa = PBXBuildFile; fileRef = E4DA753B2AD7C2550000B0C8 /* LaunchScreen.storyboard */; };
		E4DA75482AD7C2550000B0C8 /* ProtocolTests.swift in Sources */ = {isa = PBXBuildFile; fileRef = E4DA75472AD7C2550000B0C8 /* ProtocolTests.swift */; };
		E4DA75522AD7C2550000B0C8 /* ProtocolUITests.swift in Sources */ = {isa = PBXBuildFile; fileRef = E4DA75512AD7C2550000B0C8 /* ProtocolUITests.swift */; };
		E4DA75542AD7C2550000B0C8 /* ProtocolUITestsLaunchTests.swift in Sources */ = {isa = PBXBuildFile; fileRef = E4DA75532AD7C2550000B0C8 /* ProtocolUITestsLaunchTests.swift */; };
/* End PBXBuildFile section */

/* Begin PBXContainerItemProxy section */
		E4DA75442AD7C2550000B0C8 /* PBXContainerItemProxy */ = {
			isa = PBXContainerItemProxy;
			containerPortal = E4DA75252AD7C2540000B0C8 /* Project object */;
			proxyType = 1;
			remoteGlobalIDString = E4DA752C2AD7C2540000B0C8;
			remoteInfo = Protocol;
		};
		E4DA754E2AD7C2550000B0C8 /* PBXContainerItemProxy */ = {
			isa = PBXContainerItemProxy;
			containerPortal = E4DA75252AD7C2540000B0C8 /* Project object */;
			proxyType = 1;
			remoteGlobalIDString = E4DA752C2AD7C2540000B0C8;
			remoteInfo = Protocol;
		};
/* End PBXContainerItemProxy section */

/* Begin PBXFileReference section */
		E4DA752D2AD7C2540000B0C8 /* Protocol.app */ = {isa = PBXFileReference; explicitFileType = wrapper.application; includeInIndex = 0; path = Protocol.app; sourceTree = BUILT_PRODUCTS_DIR; };
		E4DA75302AD7C2540000B0C8 /* AppDelegate.swift */ = {isa = PBXFileReference; lastKnownFileType = sourcecode.swift; path = AppDelegate.swift; sourceTree = "<group>"; };
		E4DA75322AD7C2540000B0C8 /* SceneDelegate.swift */ = {isa = PBXFileReference; lastKnownFileType = sourcecode.swift; path = SceneDelegate.swift; sourceTree = "<group>"; };
		E4DA75342AD7C2540000B0C8 /* ViewController.swift */ = {isa = PBXFileReference; lastKnownFileType = sourcecode.swift; path = ViewController.swift; sourceTree = "<group>"; };
		E4DA75372AD7C2540000B0C8 /* Base */ = {isa = PBXFileReference; lastKnownFileType = file.storyboard; name = Base; path = Base.lproj/Main.storyboard; sourceTree = "<group>"; };
		E4DA75392AD7C2550000B0C8 /* Assets.xcassets */ = {isa = PBXFileReference; lastKnownFileType = folder.assetcatalog; path = Assets.xcassets; sourceTree = "<group>"; };
		E4DA753C2AD7C2550000B0C8 /* Base */ = {isa = PBXFileReference; lastKnownFileType = file.storyboard; name = Base; path = Base.lproj/LaunchScreen.storyboard; sourceTree = "<group>"; };
		E4DA753E2AD7C2550000B0C8 /* Info.plist */ = {isa = PBXFileReference; lastKnownFileType = text.plist.xml; path = Info.plist; sourceTree = "<group>"; };
		E4DA75432AD7C2550000B0C8 /* ProtocolTests.xctest */ = {isa = PBXFileReference; explicitFileType = wrapper.cfbundle; includeInIndex = 0; path = ProtocolTests.xctest; sourceTree = BUILT_PRODUCTS_DIR; };
		E4DA75472AD7C2550000B0C8 /* ProtocolTests.swift */ = {isa = PBXFileReference; lastKnownFileType = sourcecode.swift; path = ProtocolTests.swift; sourceTree = "<group>"; };
		E4DA754D2AD7C2550000B0C8 /* ProtocolUITests.xctest */ = {isa = PBXFileReference; explicitFileType = wrapper.cfbundle; includeInIndex = 0; path = ProtocolUITests.xctest; sourceTree = BUILT_PRODUCTS_DIR; };
		E4DA75512AD7C2550000B0C8 /* ProtocolUITests.swift */ = {isa = PBXFileReference; lastKnownFileType = sourcecode.swift; path = ProtocolUITests.swift; sourceTree = "<group>"; };
		E4DA75532AD7C2550000B0C8 /* ProtocolUITestsLaunchTests.swift */ = {isa = PBXFileReference; lastKnownFileType = sourcecode.swift; path = ProtocolUITestsLaunchTests.swift; sourceTree = "<group>"; };
/* End PBXFileReference section */

/* Begin PBXFrameworksBuildPhase section */
		E4DA752A2AD7C2540000B0C8 /* Frameworks */ = {
			isa = PBXFrameworksBuildPhase;
			buildActionMask = 2147483647;
			files = (
			);
			runOnlyForDeploymentPostprocessing = 0;
		};
		E4DA75402AD7C2550000B0C8 /* Frameworks */ = {
			isa = PBXFrameworksBuildPhase;
			buildActionMask = 2147483647;
			files = (
			);
			runOnlyForDeploymentPostprocessing = 0;
		};
		E4DA754A2AD7C2550000B0C8 /* Frameworks */ = {
			isa = PBXFrameworksBuildPhase;
			buildActionMask = 2147483647;
			files = (
			);
			runOnlyForDeploymentPostprocessing = 0;
		};
/* End PBXFrameworksBuildPhase section */

/* Begin PBXGroup section */
		E4DA75242AD7C2540000B0C8 = {
			isa = PBXGroup;
			children = (
				E4DA752F2AD7C2540000B0C8 /* Protocol */,
				E4DA75462AD7C2550000B0C8 /* ProtocolTests */,
				E4DA75502AD7C2550000B0C8 /* ProtocolUITests */,
				E4DA752E2AD7C2540000B0C8 /* Products */,
			);
			sourceTree = "<group>";
		};
		E4DA752E2AD7C2540000B0C8 /* Products */ = {
			isa = PBXGroup;
			children = (
				E4DA752D2AD7C2540000B0C8 /* Protocol.app */,
				E4DA75432AD7C2550000B0C8 /* ProtocolTests.xctest */,
				E4DA754D2AD7C2550000B0C8 /* ProtocolUITests.xctest */,
			);
			name = Products;
			sourceTree = "<group>";
		};
		E4DA752F2AD7C2540000B0C8 /* Protocol */ = {
			isa = PBXGroup;
			children = (
				E4DA75302AD7C2540000B0C8 /* AppDelegate.swift */,
				E4DA75322AD7C2540000B0C8 /* SceneDelegate.swift */,
				E4DA75342AD7C2540000B0C8 /* ViewController.swift */,
				E4DA75362AD7C2540000B0C8 /* Main.storyboard */,
				E4DA75392AD7C2550000B0C8 /* Assets.xcassets */,
				E4DA753B2AD7C2550000B0C8 /* LaunchScreen.storyboard */,
				E4DA753E2AD7C2550000B0C8 /* Info.plist */,
			);
			path = Protocol;
			sourceTree = "<group>";
		};
		E4DA75462AD7C2550000B0C8 /* ProtocolTests */ = {
			isa = PBXGroup;
			children = (
				E4DA75472AD7C2550000B0C8 /* ProtocolTests.swift */,
			);
			path = ProtocolTests;
			sourceTree = "<group>";
		};
		E4DA75502AD7C2550000B0C8 /* ProtocolUITests */ = {
			isa = PBXGroup;
			children = (
				E4DA75512AD7C2550000B0C8 /* ProtocolUITests.swift */,
				E4DA75532AD7C2550000B0C8 /* ProtocolUITestsLaunchTests.swift */,
			);
			path = ProtocolUITests;
			sourceTree = "<group>";
		};
/* End PBXGroup section */

/* Begin PBXNativeTarget section */
		E4DA752C2AD7C2540000B0C8 /* Protocol */ = {
			isa = PBXNativeTarget;
			buildConfigurationList = E4DA75572AD7C2550000B0C8 /* Build configuration list for PBXNativeTarget "Protocol" */;
			buildPhases = (
				E4DA75292AD7C2540000B0C8 /* Sources */,
				E4DA752A2AD7C2540000B0C8 /* Frameworks */,
				E4DA752B2AD7C2540000B0C8 /* Resources */,
			);
			buildRules = (
			);
			dependencies = (
			);
			name = Protocol;
			productName = Protocol;
			productReference = E4DA752D2AD7C2540000B0C8 /* Protocol.app */;
			productType = "com.apple.product-type.application";
		};
		E4DA75422AD7C2550000B0C8 /* ProtocolTests */ = {
			isa = PBXNativeTarget;
			buildConfigurationList = E4DA755A2AD7C2550000B0C8 /* Build configuration list for PBXNativeTarget "ProtocolTests" */;
			buildPhases = (
				E4DA753F2AD7C2550000B0C8 /* Sources */,
				E4DA75402AD7C2550000B0C8 /* Frameworks */,
				E4DA75412AD7C2550000B0C8 /* Resources */,
			);
			buildRules = (
			);
			dependencies = (
				E4DA75452AD7C2550000B0C8 /* PBXTargetDependency */,
			);
			name = ProtocolTests;
			productName = ProtocolTests;
			productReference = E4DA75432AD7C2550000B0C8 /* ProtocolTests.xctest */;
			productType = "com.apple.product-type.bundle.unit-test";
		};
		E4DA754C2AD7C2550000B0C8 /* ProtocolUITests */ = {
			isa = PBXNativeTarget;
			buildConfigurationList = E4DA755D2AD7C2550000B0C8 /* Build configuration list for PBXNativeTarget "ProtocolUITests" */;
			buildPhases = (
				E4DA75492AD7C2550000B0C8 /* Sources */,
				E4DA754A2AD7C2550000B0C8 /* Frameworks */,
				E4DA754B2AD7C2550000B0C8 /* Resources */,
			);
			buildRules = (
			);
			dependencies = (
				E4DA754F2AD7C2550000B0C8 /* PBXTargetDependency */,
			);
			name = ProtocolUITests;
			productName = ProtocolUITests;
			productReference = E4DA754D2AD7C2550000B0C8 /* ProtocolUITests.xctest */;
			productType = "com.apple.product-type.bundle.ui-testing";
		};
/* End PBXNativeTarget section */

/* Begin PBXProject section */
		E4DA75252AD7C2540000B0C8 /* Project object */ = {
			isa = PBXProject;
			attributes = {
				BuildIndependentTargetsInParallel = 1;
				LastSwiftUpdateCheck = 1430;
				LastUpgradeCheck = 1430;
				TargetAttributes = {
					E4DA752C2AD7C2540000B0C8 = {
						CreatedOnToolsVersion = 14.3.1;
					};
					E4DA75422AD7C2550000B0C8 = {
						CreatedOnToolsVersion = 14.3.1;
						TestTargetID = E4DA752C2AD7C2540000B0C8;
					};
					E4DA754C2AD7C2550000B0C8 = {
						CreatedOnToolsVersion = 14.3.1;
						TestTargetID = E4DA752C2AD7C2540000B0C8;
					};
				};
			};
			buildConfigurationList = E4DA75282AD7C2540000B0C8 /* Build configuration list for PBXProject "Protocol" */;
			compatibilityVersion = "Xcode 14.0";
			developmentRegion = en;
			hasScannedForEncodings = 0;
			knownRegions = (
				en,
				Base,
			);
			mainGroup = E4DA75242AD7C2540000B0C8;
			productRefGroup = E4DA752E2AD7C2540000B0C8 /* Products */;
			projectDirPath = "";
			projectRoot = "";
			targets = (
				E4DA752C2AD7C2540000B0C8 /* Protocol */,
				E4DA75422AD7C2550000B0C8 /* ProtocolTests */,
				E4DA754C2AD7C2550000B0C8 /* ProtocolUITests */,
			);
		};
/* End PBXProject section */

/* Begin PBXResourcesBuildPhase section */
		E4DA752B2AD7C2540000B0C8 /* Resources */ = {
			isa = PBXResourcesBuildPhase;
			buildActionMask = 2147483647;
			files = (
				E4DA753D2AD7C2550000B0C8 /* LaunchScreen.storyboard in Resources */,
				E4DA753A2AD7C2550000B0C8 /* Assets.xcassets in Resources */,
				E4DA75382AD7C2540000B0C8 /* Main.storyboard in Resources */,
			);
			runOnlyForDeploymentPostprocessing = 0;
		};
		E4DA75412AD7C2550000B0C8 /* Resources */ = {
			isa = PBXResourcesBuildPhase;
			buildActionMask = 2147483647;
			files = (
			);
			runOnlyForDeploymentPostprocessing = 0;
		};
		E4DA754B2AD7C2550000B0C8 /* Resources */ = {
			isa = PBXResourcesBuildPhase;
			buildActionMask = 2147483647;
			files = (
			);
			runOnlyForDeploymentPostprocessing = 0;
		};
/* End PBXResourcesBuildPhase section */

/* Begin PBXSourcesBuildPhase section */
		E4DA75292AD7C2540000B0C8 /* Sources */ = {
			isa = PBXSourcesBuildPhase;
			buildActionMask = 2147483647;
			files = (
				E4DA75352AD7C2540000B0C8 /* ViewController.swift in Sources */,
				E4DA75312AD7C2540000B0C8 /* AppDelegate.swift in Sources */,
				E4DA75332AD7C2540000B0C8 /* SceneDelegate.swift in Sources */,
			);
			runOnlyForDeploymentPostprocessing = 0;
		};
		E4DA753F2AD7C2550000B0C8 /* Sources */ = {
			isa = PBXSourcesBuildPhase;
			buildActionMask = 2147483647;
			files = (
				E4DA75482AD7C2550000B0C8 /* ProtocolTests.swift in Sources */,
			);
			runOnlyForDeploymentPostprocessing = 0;
		};
		E4DA75492AD7C2550000B0C8 /* Sources */ = {
			isa = PBXSourcesBuildPhase;
			buildActionMask = 2147483647;
			files = (
				E4DA75542AD7C2550000B0C8 /* ProtocolUITestsLaunchTests.swift in Sources */,
				E4DA75522AD7C2550000B0C8 /* ProtocolUITests.swift in Sources */,
			);
			runOnlyForDeploymentPostprocessing = 0;
		};
/* End PBXSourcesBuildPhase section */

/* Begin PBXTargetDependency section */
		E4DA75452AD7C2550000B0C8 /* PBXTargetDependency */ = {
			isa = PBXTargetDependency;
			target = E4DA752C2AD7C2540000B0C8 /* Protocol */;
			targetProxy = E4DA75442AD7C2550000B0C8 /* PBXContainerItemProxy */;
		};
		E4DA754F2AD7C2550000B0C8 /* PBXTargetDependency */ = {
			isa = PBXTargetDependency;
			target = E4DA752C2AD7C2540000B0C8 /* Protocol */;
			targetProxy = E4DA754E2AD7C2550000B0C8 /* PBXContainerItemProxy */;
		};
/* End PBXTargetDependency section */

/* Begin PBXVariantGroup section */
		E4DA75362AD7C2540000B0C8 /* Main.storyboard */ = {
			isa = PBXVariantGroup;
			children = (
				E4DA75372AD7C2540000B0C8 /* Base */,
			);
			name = Main.storyboard;
			sourceTree = "<group>";
		};
		E4DA753B2AD7C2550000B0C8 /* LaunchScreen.storyboard */ = {
			isa = PBXVariantGroup;
			children = (
				E4DA753C2AD7C2550000B0C8 /* Base */,
			);
			name = LaunchScreen.storyboard;
			sourceTree = "<group>";
		};
/* End PBXVariantGroup section */

/* Begin XCBuildConfiguration section */
		E4DA75552AD7C2550000B0C8 /* Debug */ = {
			isa = XCBuildConfiguration;
			buildSettings = {
				ALWAYS_SEARCH_USER_PATHS = NO;
				CLANG_ANALYZER_NONNULL = YES;
				CLANG_ANALYZER_NUMBER_OBJECT_CONVERSION = YES_AGGRESSIVE;
				CLANG_CXX_LANGUAGE_STANDARD = "gnu++20";
				CLANG_ENABLE_MODULES = YES;
				CLANG_ENABLE_OBJC_ARC = YES;
				CLANG_ENABLE_OBJC_WEAK = YES;
				CLANG_WARN_BLOCK_CAPTURE_AUTORELEASING = YES;
				CLANG_WARN_BOOL_CONVERSION = YES;
				CLANG_WARN_COMMA = YES;
				CLANG_WARN_CONSTANT_CONVERSION = YES;
				CLANG_WARN_DEPRECATED_OBJC_IMPLEMENTATIONS = YES;
				CLANG_WARN_DIRECT_OBJC_ISA_USAGE = YES_ERROR;
				CLANG_WARN_DOCUMENTATION_COMMENTS = YES;
				CLANG_WARN_EMPTY_BODY = YES;
				CLANG_WARN_ENUM_CONVERSION = YES;
				CLANG_WARN_INFINITE_RECURSION = YES;
				CLANG_WARN_INT_CONVERSION = YES;
				CLANG_WARN_NON_LITERAL_NULL_CONVERSION = YES;
				CLANG_WARN_OBJC_IMPLICIT_RETAIN_SELF = YES;
				CLANG_WARN_OBJC_LITERAL_CONVERSION = YES;
				CLANG_WARN_OBJC_ROOT_CLASS = YES_ERROR;
				CLANG_WARN_QUOTED_INCLUDE_IN_FRAMEWORK_HEADER = YES;
				CLANG_WARN_RANGE_LOOP_ANALYSIS = YES;
				CLANG_WARN_STRICT_PROTOTYPES = YES;
				CLANG_WARN_SUSPICIOUS_MOVE = YES;
				CLANG_WARN_UNGUARDED_AVAILABILITY = YES_AGGRESSIVE;
				CLANG_WARN_UNREACHABLE_CODE = YES;
				CLANG_WARN__DUPLICATE_METHOD_MATCH = YES;
				COPY_PHASE_STRIP = NO;
				DEBUG_INFORMATION_FORMAT = dwarf;
				ENABLE_STRICT_OBJC_MSGSEND = YES;
				ENABLE_TESTABILITY = YES;
				GCC_C_LANGUAGE_STANDARD = gnu11;
				GCC_DYNAMIC_NO_PIC = NO;
				GCC_NO_COMMON_BLOCKS = YES;
				GCC_OPTIMIZATION_LEVEL = 0;
				GCC_PREPROCESSOR_DEFINITIONS = (
					"DEBUG=1",
					"$(inherited)",
				);
				GCC_WARN_64_TO_32_BIT_CONVERSION = YES;
				GCC_WARN_ABOUT_RETURN_TYPE = YES_ERROR;
				GCC_WARN_UNDECLARED_SELECTOR = YES;
				GCC_WARN_UNINITIALIZED_AUTOS = YES_AGGRESSIVE;
				GCC_WARN_UNUSED_FUNCTION = YES;
				GCC_WARN_UNUSED_VARIABLE = YES;
				IPHONEOS_DEPLOYMENT_TARGET = 16.4;
				MTL_ENABLE_DEBUG_INFO = INCLUDE_SOURCE;
				MTL_FAST_MATH = YES;
				ONLY_ACTIVE_ARCH = YES;
				SDKROOT = iphoneos;
				SWIFT_ACTIVE_COMPILATION_CONDITIONS = DEBUG;
				SWIFT_OPTIMIZATION_LEVEL = "-Onone";
			};
			name = Debug;
		};
		E4DA75562AD7C2550000B0C8 /* Release */ = {
			isa = XCBuildConfiguration;
			buildSettings = {
				ALWAYS_SEARCH_USER_PATHS = NO;
				CLANG_ANALYZER_NONNULL = YES;
				CLANG_ANALYZER_NUMBER_OBJECT_CONVERSION = YES_AGGRESSIVE;
				CLANG_CXX_LANGUAGE_STANDARD = "gnu++20";
				CLANG_ENABLE_MODULES = YES;
				CLANG_ENABLE_OBJC_ARC = YES;
				CLANG_ENABLE_OBJC_WEAK = YES;
				CLANG_WARN_BLOCK_CAPTURE_AUTORELEASING = YES;
				CLANG_WARN_BOOL_CONVERSION = YES;
				CLANG_WARN_COMMA = YES;
				CLANG_WARN_CONSTANT_CONVERSION = YES;
				CLANG_WARN_DEPRECATED_OBJC_IMPLEMENTATIONS = YES;
				CLANG_WARN_DIRECT_OBJC_ISA_USAGE = YES_ERROR;
				CLANG_WARN_DOCUMENTATION_COMMENTS = YES;
				CLANG_WARN_EMPTY_BODY = YES;
				CLANG_WARN_ENUM_CONVERSION = YES;
				CLANG_WARN_INFINITE_RECURSION = YES;
				CLANG_WARN_INT_CONVERSION = YES;
				CLANG_WARN_NON_LITERAL_NULL_CONVERSION = YES;
				CLANG_WARN_OBJC_IMPLICIT_RETAIN_SELF = YES;
				CLANG_WARN_OBJC_LITERAL_CONVERSION = YES;
				CLANG_WARN_OBJC_ROOT_CLASS = YES_ERROR;
				CLANG_WARN_QUOTED_INCLUDE_IN_FRAMEWORK_HEADER = YES;
				CLANG_WARN_RANGE_LOOP_ANALYSIS = YES;
				CLANG_WARN_STRICT_PROTOTYPES = YES;
				CLANG_WARN_SUSPICIOUS_MOVE = YES;
				CLANG_WARN_UNGUARDED_AVAILABILITY = YES_AGGRESSIVE;
				CLANG_WARN_UNREACHABLE_CODE = YES;
				CLANG_WARN__DUPLICATE_METHOD_MATCH = YES;
				COPY_PHASE_STRIP = NO;
				DEBUG_INFORMATION_FORMAT = "dwarf-with-dsym";
				ENABLE_NS_ASSERTIONS = NO;
				ENABLE_STRICT_OBJC_MSGSEND = YES;
				GCC_C_LANGUAGE_STANDARD = gnu11;
				GCC_NO_COMMON_BLOCKS = YES;
				GCC_WARN_64_TO_32_BIT_CONVERSION = YES;
				GCC_WARN_ABOUT_RETURN_TYPE = YES_ERROR;
				GCC_WARN_UNDECLARED_SELECTOR = YES;
				GCC_WARN_UNINITIALIZED_AUTOS = YES_AGGRESSIVE;
				GCC_WARN_UNUSED_FUNCTION = YES;
				GCC_WARN_UNUSED_VARIABLE = YES;
				IPHONEOS_DEPLOYMENT_TARGET = 16.4;
				MTL_ENABLE_DEBUG_INFO = NO;
				MTL_FAST_MATH = YES;
				SDKROOT = iphoneos;
				SWIFT_COMPILATION_MODE = wholemodule;
				SWIFT_OPTIMIZATION_LEVEL = "-O";
				VALIDATE_PRODUCT = YES;
			};
			name = Release;
		};
		E4DA75582AD7C2550000B0C8 /* Debug */ = {
			isa = XCBuildConfiguration;
			buildSettings = {
				ASSETCATALOG_COMPILER_APPICON_NAME = AppIcon;
				ASSETCATALOG_COMPILER_GLOBAL_ACCENT_COLOR_NAME = AccentColor;
				CODE_SIGN_STYLE = Automatic;
				CURRENT_PROJECT_VERSION = 1;
				GENERATE_INFOPLIST_FILE = YES;
				INFOPLIST_FILE = Protocol/Info.plist;
				INFOPLIST_KEY_UIApplicationSupportsIndirectInputEvents = YES;
				INFOPLIST_KEY_UILaunchStoryboardName = LaunchScreen;
				INFOPLIST_KEY_UIMainStoryboardFile = Main;
				INFOPLIST_KEY_UISupportedInterfaceOrientations_iPad = "UIInterfaceOrientationPortrait UIInterfaceOrientationPortraitUpsideDown UIInterfaceOrientationLandscapeLeft UIInterfaceOrientationLandscapeRight";
				INFOPLIST_KEY_UISupportedInterfaceOrientations_iPhone = "UIInterfaceOrientationPortrait UIInterfaceOrientationLandscapeLeft UIInterfaceOrientationLandscapeRight";
				LD_RUNPATH_SEARCH_PATHS = (
					"$(inherited)",
					"@executable_path/Frameworks",
				);
				MARKETING_VERSION = 1.0;
				PRODUCT_BUNDLE_IDENTIFIER = umc.Protocol;
				PRODUCT_NAME = "$(TARGET_NAME)";
				SWIFT_EMIT_LOC_STRINGS = YES;
				SWIFT_VERSION = 5.0;
				TARGETED_DEVICE_FAMILY = "1,2";
			};
			name = Debug;
		};
		E4DA75592AD7C2550000B0C8 /* Release */ = {
			isa = XCBuildConfiguration;
			buildSettings = {
				ASSETCATALOG_COMPILER_APPICON_NAME = AppIcon;
				ASSETCATALOG_COMPILER_GLOBAL_ACCENT_COLOR_NAME = AccentColor;
				CODE_SIGN_STYLE = Automatic;
				CURRENT_PROJECT_VERSION = 1;
				GENERATE_INFOPLIST_FILE = YES;
				INFOPLIST_FILE = Protocol/Info.plist;
				INFOPLIST_KEY_UIApplicationSupportsIndirectInputEvents = YES;
				INFOPLIST_KEY_UILaunchStoryboardName = LaunchScreen;
				INFOPLIST_KEY_UIMainStoryboardFile = Main;
				INFOPLIST_KEY_UISupportedInterfaceOrientations_iPad = "UIInterfaceOrientationPortrait UIInterfaceOrientationPortraitUpsideDown UIInterfaceOrientationLandscapeLeft UIInterfaceOrientationLandscapeRight";
				INFOPLIST_KEY_UISupportedInterfaceOrientations_iPhone = "UIInterfaceOrientationPortrait UIInterfaceOrientationLandscapeLeft UIInterfaceOrientationLandscapeRight";
				LD_RUNPATH_SEARCH_PATHS = (
					"$(inherited)",
					"@executable_path/Frameworks",
				);
				MARKETING_VERSION = 1.0;
				PRODUCT_BUNDLE_IDENTIFIER = umc.Protocol;
				PRODUCT_NAME = "$(TARGET_NAME)";
				SWIFT_EMIT_LOC_STRINGS = YES;
				SWIFT_VERSION = 5.0;
				TARGETED_DEVICE_FAMILY = "1,2";
			};
			name = Release;
		};
		E4DA755B2AD7C2550000B0C8 /* Debug */ = {
			isa = XCBuildConfiguration;
			buildSettings = {
				ALWAYS_EMBED_SWIFT_STANDARD_LIBRARIES = YES;
				BUNDLE_LOADER = "$(TEST_HOST)";
				CODE_SIGN_STYLE = Automatic;
				CURRENT_PROJECT_VERSION = 1;
				GENERATE_INFOPLIST_FILE = YES;
				IPHONEOS_DEPLOYMENT_TARGET = 16.4;
				MARKETING_VERSION = 1.0;
				PRODUCT_BUNDLE_IDENTIFIER = umc.ProtocolTests;
				PRODUCT_NAME = "$(TARGET_NAME)";
				SWIFT_EMIT_LOC_STRINGS = NO;
				SWIFT_VERSION = 5.0;
				TARGETED_DEVICE_FAMILY = "1,2";
				TEST_HOST = "$(BUILT_PRODUCTS_DIR)/Protocol.app/$(BUNDLE_EXECUTABLE_FOLDER_PATH)/Protocol";
			};
			name = Debug;
		};
		E4DA755C2AD7C2550000B0C8 /* Release */ = {
			isa = XCBuildConfiguration;
			buildSettings = {
				ALWAYS_EMBED_SWIFT_STANDARD_LIBRARIES = YES;
				BUNDLE_LOADER = "$(TEST_HOST)";
				CODE_SIGN_STYLE = Automatic;
				CURRENT_PROJECT_VERSION = 1;
				GENERATE_INFOPLIST_FILE = YES;
				IPHONEOS_DEPLOYMENT_TARGET = 16.4;
				MARKETING_VERSION = 1.0;
				PRODUCT_BUNDLE_IDENTIFIER = umc.ProtocolTests;
				PRODUCT_NAME = "$(TARGET_NAME)";
				SWIFT_EMIT_LOC_STRINGS = NO;
				SWIFT_VERSION = 5.0;
				TARGETED_DEVICE_FAMILY = "1,2";
				TEST_HOST = "$(BUILT_PRODUCTS_DIR)/Protocol.app/$(BUNDLE_EXECUTABLE_FOLDER_PATH)/Protocol";
			};
			name = Release;
		};
		E4DA755E2AD7C2550000B0C8 /* Debug */ = {
			isa = XCBuildConfiguration;
			buildSettings = {
				ALWAYS_EMBED_SWIFT_STANDARD_LIBRARIES = YES;
				CODE_SIGN_STYLE = Automatic;
				CURRENT_PROJECT_VERSION = 1;
				GENERATE_INFOPLIST_FILE = YES;
				MARKETING_VERSION = 1.0;
				PRODUCT_BUNDLE_IDENTIFIER = umc.ProtocolUITests;
				PRODUCT_NAME = "$(TARGET_NAME)";
				SWIFT_EMIT_LOC_STRINGS = NO;
				SWIFT_VERSION = 5.0;
				TARGETED_DEVICE_FAMILY = "1,2";
				TEST_TARGET_NAME = Protocol;
			};
			name = Debug;
		};
		E4DA755F2AD7C2550000B0C8 /* Release */ = {
			isa = XCBuildConfiguration;
			buildSettings = {
				ALWAYS_EMBED_SWIFT_STANDARD_LIBRARIES = YES;
				CODE_SIGN_STYLE = Automatic;
				CURRENT_PROJECT_VERSION = 1;
				GENERATE_INFOPLIST_FILE = YES;
				MARKETING_VERSION = 1.0;
				PRODUCT_BUNDLE_IDENTIFIER = umc.ProtocolUITests;
				PRODUCT_NAME = "$(TARGET_NAME)";
				SWIFT_EMIT_LOC_STRINGS = NO;
				SWIFT_VERSION = 5.0;
				TARGETED_DEVICE_FAMILY = "1,2";
				TEST_TARGET_NAME = Protocol;
			};
			name = Release;
		};
/* End XCBuildConfiguration section */

/* Begin XCConfigurationList section */
		E4DA75282AD7C2540000B0C8 /* Build configuration list for PBXProject "Protocol" */ = {
			isa = XCConfigurationList;
			buildConfigurations = (
				E4DA75552AD7C2550000B0C8 /* Debug */,
				E4DA75562AD7C2550000B0C8 /* Release */,
			);
			defaultConfigurationIsVisible = 0;
			defaultConfigurationName = Release;
		};
		E4DA75572AD7C2550000B0C8 /* Build configuration list for PBXNativeTarget "Protocol" */ = {
			isa = XCConfigurationList;
			buildConfigurations = (
				E4DA75582AD7C2550000B0C8 /* Debug */,
				E4DA75592AD7C2550000B0C8 /* Release */,
			);
			defaultConfigurationIsVisible = 0;
			defaultConfigurationName = Release;
		};
		E4DA755A2AD7C2550000B0C8 /* Build configuration list for PBXNativeTarget "ProtocolTests" */ = {
			isa = XCConfigurationList;
			buildConfigurations = (
				E4DA755B2AD7C2550000B0C8 /* Debug */,
				E4DA755C2AD7C2550000B0C8 /* Release */,
			);
			defaultConfigurationIsVisible = 0;
			defaultConfigurationName = Release;
		};
		E4DA755D2AD7C2550000B0C8 /* Build configuration list for PBXNativeTarget "ProtocolUITests" */ = {
			isa = XCConfigurationList;
			buildConfigurations = (
				E4DA755E2AD7C2550000B0C8 /* Debug */,
				E4DA755F2AD7C2550000B0C8 /* Release */,
			);
			defaultConfigurationIsVisible = 0;
			defaultConfigurationName = Release;
		};
/* End XCConfigurationList section */
	};
	rootObject = E4DA75252AD7C2540000B0C8 /* Project object */;
}
